<?xml version="1.0" encoding="utf-8"?>
<Project ToolsVersion="4.0" xmlns="http://schemas.microsoft.com/developer/msbuild/2003">
  <ItemGroup>
    <Filter Include="Source Files">
      <UniqueIdentifier>{4FC737F1-C7A5-4376-A066-2A32D752A2FF}</UniqueIdentifier>
      <Extensions>cpp;c;cc;cxx;c++;cppm;ixx;def;odl;idl;hpj;bat;asm;asmx</Extensions>
    </Filter>
    <Filter Include="Header Files">
      <UniqueIdentifier>{93995380-89BD-4b04-88EB-625FBE52EBFB}</UniqueIdentifier>
      <Extensions>h;hh;hpp;hxx;h++;hm;inl;inc;ipp;xsd</Extensions>
    </Filter>
    <Filter Include="Resource Files">
      <UniqueIdentifier>{67DA6AB6-F800-4c08-8B7A-83BB121AAD01}</UniqueIdentifier>
      <Extensions>rc;ico;cur;bmp;dlg;rc2;rct;bin;rgs;gif;jpg;jpeg;jpe;resx;tiff;tif;png;wav;mfcribbon-ms</Extensions>
    </Filter>
    <Filter Include="Header Files\Color">
      <UniqueIdentifier>{25f6b34e-26be-411e-85fe-110bec350117}</UniqueIdentifier>
    </Filter>
    <Filter Include="Header Files\Config">
      <UniqueIdentifier>{04d9a04f-1ae9-405f-a9ca-fd19af06eeea}</UniqueIdentifier>
    </Filter>
    <Filter Include="Header Files\Core">
      <UniqueIdentifier>{4150b54b-8b42-4875-b4fb-93778bc5c47b}</UniqueIdentifier>
    </Filter>
    <Filter Include="Header Files\Executor">
      <UniqueIdentifier>{c8d98aaf-2b7f-429c-9836-2f005172db81}</UniqueIdentifier>
    </Filter>
    <Filter Include="Header Files\Font">
      <UniqueIdentifier>{783ec8f4-213a-46e8-ae98-8f1eeb616b7b}</UniqueIdentifier>
    </Filter>
    <Filter Include="Header Files\Hooks">
      <UniqueIdentifier>{17763ecf-6a22-4f29-ba9c-31d28a62ad53}</UniqueIdentifier>
    </Filter>
    <Filter Include="Header Files\ImGui">
      <UniqueIdentifier>{eea91c1b-513e-43f7-bb41-9a24c6c4dfe0}</UniqueIdentifier>
    </Filter>
    <Filter Include="Header Files\MinHook">
      <UniqueIdentifier>{d9482a7b-a770-4ba7-ba07-d08a01e1663a}</UniqueIdentifier>
    </Filter>
    <Filter Include="Header Files\Render">
      <UniqueIdentifier>{5cad3c68-f1a5-4edd-80ed-d8efdcab108b}</UniqueIdentifier>
    </Filter>
    <Filter Include="Header Files\Utils">
      <UniqueIdentifier>{15e76cde-a11b-40ad-a7c1-07e2b359d269}</UniqueIdentifier>
    </Filter>
  </ItemGroup>
  <ItemGroup>
    <ClCompile Include="dllmain.cpp">
      <Filter>Source Files</Filter>
    </ClCompile>
    <ClCompile Include="color.cpp">
      <Filter>Header Files\Color</Filter>
    </ClCompile>
    <ClCompile Include="config.cpp">
      <Filter>Header Files\Config</Filter>
    </ClCompile>
    <ClCompile Include="core.cpp">
      <Filter>Header Files\Core</Filter>
    </ClCompile>
    <ClCompile Include="executor.cpp">
      <Filter>Header Files\Executor</Filter>
    </ClCompile>
    <ClCompile Include="ImGui\imgui.cpp">
      <Filter>Header Files\ImGui</Filter>
    </ClCompile>
    <ClCompile Include="ImGui\imgui_draw.cpp">
      <Filter>Header Files\ImGui</Filter>
    </ClCompile>
    <ClCompile Include="ImGui\imgui_impl_dx11.cpp">
      <Filter>Header Files\ImGui</Filter>
    </ClCompile>
    <ClCompile Include="ImGui\imgui_impl_win32.cpp">
      <Filter>Header Files\ImGui</Filter>
    </ClCompile>
    <ClCompile Include="ImGui\imgui_tables.cpp">
      <Filter>Header Files\ImGui</Filter>
    </ClCompile>
    <ClCompile Include="ImGui\imgui_widgets.cpp">
      <Filter>Header Files\ImGui</Filter>
    </ClCompile>
    <ClCompile Include="utils.cpp">
      <Filter>Header Files\Utils</Filter>
    </ClCompile>
    <ClCompile Include="render.cpp">
      <Filter>Header Files\Render</Filter>
    </ClCompile>
  </ItemGroup>
  <ItemGroup>
    <ClInclude Include="color.hpp">
      <Filter>Header Files\Color</Filter>
    </ClInclude>
    <ClInclude Include="config.hpp">
      <Filter>Header Files\Config</Filter>
    </ClInclude>
    <ClInclude Include="core.hpp">
      <Filter>Header Files\Core</Filter>
    </ClInclude>
    <ClInclude Include="executor.hpp">
      <Filter>Header Files\Executor</Filter>
    </ClInclude>
    <ClInclude Include="font.hpp">
      <Filter>Header Files\Font</Filter>
    </ClInclude>
    <ClInclude Include="hooks.hpp">
      <Filter>Header Files\Hooks</Filter>
    </ClInclude>
    <ClInclude Include="ImGui\imconfig.h">
      <Filter>Header Files\ImGui</Filter>
    </ClInclude>
    <ClInclude Include="ImGui\imgui.h">
      <Filter>Header Files\ImGui</Filter>
    </ClInclude>
    <ClInclude Include="ImGui\imgui_impl_dx11.h">
      <Filter>Header Files\ImGui</Filter>
    </ClInclude>
    <ClInclude Include="ImGui\imgui_impl_win32.h">
      <Filter>Header Files\ImGui</Filter>
    </ClInclude>
    <ClInclude Include="ImGui\imgui_internal.h">
      <Filter>Header Files\ImGui</Filter>
    </ClInclude>
    <ClInclude Include="ImGui\imstb_rectpack.h">
      <Filter>Header Files\ImGui</Filter>
    </ClInclude>
    <ClInclude Include="ImGui\imstb_textedit.h">
      <Filter>Header Files\ImGui</Filter>
    </ClInclude>
    <ClInclude Include="ImGui\imstb_truetype.h">
      <Filter>Header Files\ImGui</Filter>
    </ClInclude>
    <ClInclude Include="MinHook\MinHook.h">
      <Filter>Header Files\MinHook</Filter>
    </ClInclude>
    <ClInclude Include="memory.hpp">
      <Filter>Header Files\Utils</Filter>
    </ClInclude>
    <ClInclude Include="structure.hpp">
      <Filter>Header Files\Utils</Filter>
    </ClInclude>
    <ClInclude Include="utils.hpp">
      <Filter>Header Files\Utils</Filter>
    </ClInclude>
    <ClInclude Include="var.hpp">
      <Filter>Header Files\Utils</Filter>
    </ClInclude>
    <ClInclude Include="xor.hpp">
      <Filter>Header Files\Utils</Filter>
    </ClInclude>
    <ClInclude Include="render.hpp">
      <Filter>Header Files\Render</Filter>
    </ClInclude>
  </ItemGroup>
</Project>